# THIS IS AN AUTOGENERATED FILE. DO NOT EDIT THIS FILE DIRECTLY.
# yarn lockfile v1


svelte-cli@^1.4.0:
  version "1.4.0"
  resolved "https://registry.yarnpkg.com/svelte-cli/-/svelte-cli-1.4.0.tgz#67bf4b6af0f8bdca0286d5336e9dae2d6b80bbc4"
  dependencies:
    svelte "^1.9.1"

svelte@^1.41.1, svelte@^1.9.1:
  version "1.41.1"
  resolved "https://registry.yarnpkg.com/svelte/-/svelte-1.41.1.tgz#3db0b5d6fce95289d736a10ca26aac1a2ab3fb2c"
